{
  "requires": true,
  "lockfileVersion": 1,
  "dependencies": {
    "@types/elementtree": {
      "version": "0.1.0",
      "resolved": "https://registry.npmjs.org/@types/elementtree/-/elementtree-0.1.0.tgz",
      "integrity": "sha512-EOSadl5+bw5i2umsJPXvCHSOXRlXha2et+2Wgdog66KbSVhT4pofRbSg6AbKkPEVO9mZusfcMZb5+HfJjpbLtA==",
      "dev": true
    }
  }
}
