
Microsoft Visual Studio Solution File, Format Version 12.00
# Visual Studio 15
VisualStudioVersion = 15.0.26430.6
MinimumVisualStudioVersion = 10.0.40219.1
Project("{FAE04EC0-301F-11D3-BF4B-00C04F79EFBC}") = "HearthstoneReplays", "HearthstoneReplays\HearthstoneReplays.csproj", "{47CD4647-790B-428D-B4E4-8B3267C63469}"
EndProject
Project("{FAE04EC0-301F-11D3-BF4B-00C04F79EFBC}") = "HearthstoneReplayTests", "HearthstoneReplayTests\HearthstoneReplayTests.csproj", "{D4C43DE0-83F6-42E1-8A2E-5956F61D4802}"
EndProject
Global
	GlobalSection(SolutionConfigurationPlatforms) = preSolution
		Debug|Any CPU = Debug|Any CPU
		Debug|x64 = Debug|x64
		Debug|x86 = Debug|x86
		Release|Any CPU = Release|Any CPU
		Release|x64 = Release|x64
		Release|x86 = Release|x86
		test|Any CPU = test|Any CPU
		test|x64 = test|x64
		test|x86 = test|x86
	EndGlobalSection
	GlobalSection(ProjectConfigurationPlatforms) = postSolution
		{47CD4647-790B-428D-B4E4-8B3267C63469}.Debug|Any CPU.ActiveCfg = Debug|Any CPU
		{47CD4647-790B-428D-B4E4-8B3267C63469}.Debug|Any CPU.Build.0 = Debug|Any CPU
		{47CD4647-790B-428D-B4E4-8B3267C63469}.Debug|x64.ActiveCfg = Debug|x64
		{47CD4647-790B-428D-B4E4-8B3267C63469}.Debug|x64.Build.0 = Debug|x64
		{47CD4647-790B-428D-B4E4-8B3267C63469}.Debug|x86.ActiveCfg = Debug|x86
		{47CD4647-790B-428D-B4E4-8B3267C63469}.Debug|x86.Build.0 = Debug|x86
		{47CD4647-790B-428D-B4E4-8B3267C63469}.Release|Any CPU.ActiveCfg = Release|Any CPU
		{47CD4647-790B-428D-B4E4-8B3267C63469}.Release|Any CPU.Build.0 = Release|Any CPU
		{47CD4647-790B-428D-B4E4-8B3267C63469}.Release|x64.ActiveCfg = Release|x64
		{47CD4647-790B-428D-B4E4-8B3267C63469}.Release|x64.Build.0 = Release|x64
		{47CD4647-790B-428D-B4E4-8B3267C63469}.Release|x86.ActiveCfg = Release|x86
		{47CD4647-790B-428D-B4E4-8B3267C63469}.Release|x86.Build.0 = Release|x86
		{47CD4647-790B-428D-B4E4-8B3267C63469}.test|Any CPU.ActiveCfg = test|Any CPU
		{47CD4647-790B-428D-B4E4-8B3267C63469}.test|Any CPU.Build.0 = test|Any CPU
		{47CD4647-790B-428D-B4E4-8B3267C63469}.test|x64.ActiveCfg = test|x64
		{47CD4647-790B-428D-B4E4-8B3267C63469}.test|x64.Build.0 = test|x64
		{47CD4647-790B-428D-B4E4-8B3267C63469}.test|x86.ActiveCfg = test|x86
		{47CD4647-790B-428D-B4E4-8B3267C63469}.test|x86.Build.0 = test|x86
		{D4C43DE0-83F6-42E1-8A2E-5956F61D4802}.Debug|Any CPU.ActiveCfg = Debug|Any CPU
		{D4C43DE0-83F6-42E1-8A2E-5956F61D4802}.Debug|Any CPU.Build.0 = Debug|Any CPU
		{D4C43DE0-83F6-42E1-8A2E-5956F61D4802}.Debug|x64.ActiveCfg = Debug|x64
		{D4C43DE0-83F6-42E1-8A2E-5956F61D4802}.Debug|x64.Build.0 = Debug|x64
		{D4C43DE0-83F6-42E1-8A2E-5956F61D4802}.Debug|x86.ActiveCfg = Debug|x86
		{D4C43DE0-83F6-42E1-8A2E-5956F61D4802}.Debug|x86.Build.0 = Debug|x86
		{D4C43DE0-83F6-42E1-8A2E-5956F61D4802}.Release|Any CPU.ActiveCfg = Release|Any CPU
		{D4C43DE0-83F6-42E1-8A2E-5956F61D4802}.Release|Any CPU.Build.0 = Release|Any CPU
		{D4C43DE0-83F6-42E1-8A2E-5956F61D4802}.Release|x64.ActiveCfg = Release|x64
		{D4C43DE0-83F6-42E1-8A2E-5956F61D4802}.Release|x64.Build.0 = Release|x64
		{D4C43DE0-83F6-42E1-8A2E-5956F61D4802}.Release|x86.ActiveCfg = Release|x86
		{D4C43DE0-83F6-42E1-8A2E-5956F61D4802}.Release|x86.Build.0 = Release|x86
		{D4C43DE0-83F6-42E1-8A2E-5956F61D4802}.test|Any CPU.ActiveCfg = test|Any CPU
		{D4C43DE0-83F6-42E1-8A2E-5956F61D4802}.test|Any CPU.Build.0 = test|Any CPU
		{D4C43DE0-83F6-42E1-8A2E-5956F61D4802}.test|x64.ActiveCfg = test|x64
		{D4C43DE0-83F6-42E1-8A2E-5956F61D4802}.test|x64.Build.0 = test|x64
		{D4C43DE0-83F6-42E1-8A2E-5956F61D4802}.test|x86.ActiveCfg = test|x86
		{D4C43DE0-83F6-42E1-8A2E-5956F61D4802}.test|x86.Build.0 = test|x86
	EndGlobalSection
	GlobalSection(SolutionProperties) = preSolution
		HideSolutionNode = FALSE
	EndGlobalSection
EndGlobal
